{
  "version": 4,
  "terraform_version": "1.11.2",
  "serial": 82,
  "lineage": "d914e86b-de29-fc7f-2747-bbc0ffb2d121",
  "outputs": {
    "ghrunners": {
      "value": {
        "container_app_subnet_resource_id": "/subscriptions/ffc5e617-7f2d-4ddb-8b57-33fc43989a8c/resourceGroups/b9cee3-tools-networking/providers/Microsoft.Network/virtualNetworks/b9cee3-tools-vwan-spoke/subnets/ghr-aca",
        "container_instance_names": null,
        "container_instance_resource_ids": null,
        "container_registry_login_server": "acrb9cee3tools.azurecr.io",
        "container_registry_name": "acrb9cee3tools",
        "container_registry_resource_id": "/subscriptions/ffc5e617-7f2d-4ddb-8b57-33fc43989a8c/resourceGroups/b9cee3-tools-quickstart-azure/providers/Microsoft.ContainerRegistry/registries/acrb9cee3tools",
        "job_name": "caj-b9cee3-tools",
        "job_resource_id": "/subscriptions/ffc5e617-7f2d-4ddb-8b57-33fc43989a8c/resourceGroups/b9cee3-tools-quickstart-azure/providers/Microsoft.App/jobs/caj-b9cee3-tools",
        "name": "cae-b9cee3-tools",
        "placeholder_job_name": null,
        "placeholder_job_resource_id": null,
        "private_dns_zone_subnet_resource_id": "/subscriptions/ffc5e617-7f2d-4ddb-8b57-33fc43989a8c/resourceGroups/b9cee3-tools-networking/providers/Microsoft.Network/virtualNetworks/b9cee3-tools-vwan-spoke/subnets/private-endpoints",
        "resource_id": "/subscriptions/ffc5e617-7f2d-4ddb-8b57-33fc43989a8c/resourceGroups/b9cee3-tools-quickstart-azure/providers/Microsoft.App/managedEnvironments/cae-b9cee3-tools",
        "user_assigned_managed_identity_id": "/subscriptions/ffc5e617-7f2d-4ddb-8b57-33fc43989a8c/resourceGroups/b9cee3-tools-quickstart-azure/providers/Microsoft.ManagedIdentity/userAssignedIdentities/uami-b9cee3-tools",
        "user_assigned_managed_identity_principal_id": "444b05fe-5139-448f-ba66-bcfcc0dcb4b6",
        "virtual_network_name": null,
        "virtual_network_resource_id": null
      },
      "type": [
        "object",
        {
          "container_app_subnet_resource_id": "string",
          "container_instance_names": [
            "object",
            {}
          ],
          "container_instance_resource_ids": [
            "object",
            {}
          ],
          "container_registry_login_server": "string",
          "container_registry_name": "string",
          "container_registry_resource_id": "string",
          "job_name": "string",
          "job_resource_id": "string",
          "name": "string",
          "placeholder_job_name": "dynamic",
          "placeholder_job_resource_id": "dynamic",
          "private_dns_zone_subnet_resource_id": "string",
          "resource_id": "string",
          "user_assigned_managed_identity_id": "string",
          "user_assigned_managed_identity_principal_id": "string",
          "virtual_network_name": "string",
          "virtual_network_resource_id": "dynamic"
        }
      ]
    }
  },
  "resources": [
    {
      "mode": "data",
      "type": "azurerm_client_config",
      "name": "current",
      "provider": "provider[\"registry.terraform.io/hashicorp/azurerm\"]",
      "instances": [
        {
          "schema_version": 0,
          "attributes": {
            "client_id": "04b07795-8ddb-461a-bbee-02f9e1bf7b46",
            "id": "Y2xpZW50Q29uZmlncy9jbGllbnRJZD0wNGIwNzc5NS04ZGRiLTQ2MWEtYmJlZS0wMmY5ZTFiZjdiNDY7b2JqZWN0SWQ9MDlkMTgwNWYtMGQ4Yy00NDM2LTk0ZWMtYzI5OThjMjUzOTlkO3N1YnNjcmlwdGlvbklkPWZmYzVlNjE3LTdmMmQtNGRkYi04YjU3LTMzZmM0Mzk4OWE4Yzt0ZW5hbnRJZD02ZmRiNTIwMC0zZDBkLTRhOGEtYjAzNi1kMzY4NWUzNTlhZGM=",
            "object_id": "09d1805f-0d8c-4436-94ec-c2998c25399d",
            "subscription_id": "ffc5e617-7f2d-4ddb-8b57-33fc43989a8c",
            "tenant_id": "6fdb5200-3d0d-4a8a-b036-d3685e359adc",
            "timeouts": null
          },
          "sensitive_attributes": []
        }
      ]
    },
    {
      "mode": "data",
      "type": "azurerm_subscription",
      "name": "current",
      "provider": "provider[\"registry.terraform.io/hashicorp/azurerm\"]",
      "instances": [
        {
          "schema_version": 0,
          "attributes": {
            "display_name": "b9cee3-tools: NRIDS Architecture RnD",
            "id": "/subscriptions/ffc5e617-7f2d-4ddb-8b57-33fc43989a8c",
            "location_placement_id": "Public_2014-09-01",
            "quota_id": "EnterpriseAgreement_2014-09-01",
            "spending_limit": "Off",
            "state": "Enabled",
            "subscription_id": "ffc5e617-7f2d-4ddb-8b57-33fc43989a8c",
            "tags": {
              "account_coding": "1337124E3035365027100000",
              "additional_contacts": "omprakash.2.mishra@gov.bc.ca",
              "admin_contact_email": "andrew.schwenker@gov.bc.ca",
              "admin_contact_name": "Andrew Schwenker",
              "billing_group": "b9cee3",
              "expense_authority": "fraser.marshall@gov.bc.ca",
              "ministry_name": "FLNR"
            },
            "tenant_id": "6fdb5200-3d0d-4a8a-b036-d3685e359adc",
            "timeouts": null
          },
          "sensitive_attributes": []
        }
      ]
    },
    {
      "mode": "data",
      "type": "azurerm_virtual_network",
      "name": "vnet",
      "provider": "provider[\"registry.terraform.io/hashicorp/azurerm\"]",
      "instances": [
        {
          "schema_version": 0,
          "attributes": {
            "address_space": [
              "10.46.10.0/24"
            ],
            "dns_servers": [
              "10.53.244.4"
            ],
            "guid": "6092710a-0af3-466f-abe7-20cb03a73c42",
            "id": "/subscriptions/ffc5e617-7f2d-4ddb-8b57-33fc43989a8c/resourceGroups/b9cee3-tools-networking/providers/Microsoft.Network/virtualNetworks/b9cee3-tools-vwan-spoke",
            "location": "canadacentral",
            "name": "b9cee3-tools-vwan-spoke",
            "resource_group_name": "b9cee3-tools-networking",
            "subnets": [
              "ghr-aca",
              "ghr-aci",
              "private-endpoints"
            ],
            "tags": {
              "account_coding": "1337124E3035365027100000",
              "billing_group": "b9cee3",
              "deployedBy": "azure-lz-vending-live",
              "ministry_name": "FLNR"
            },
            "timeouts": null,
            "vnet_peerings": {
              "RemoteVnetToHubPeering_248fea99-6c92-49fe-9f94-e804706a4074": "/subscriptions/e8d8ef98-c03d-4606-9854-e365453d88f3/resourceGroups/RG_bcgov-managed-lz-live-hub-canadacentral_a76c722f-6cc3-4220-aeaa-ed3824da42ff/providers/Microsoft.Network/virtualNetworks/HV_bcgov-managed-lz-liv_d3392fd0-0782-45c9-8989-87d98fbfcaef"
            },
            "vnet_peerings_addresses": [
              "10.53.240.0/20"
            ]
          },
          "sensitive_attributes": []
        }
      ]
    },
    {
      "mode": "managed",
      "type": "azapi_resource",
      "name": "github_runners_container_app_subnet",
      "provider": "provider[\"registry.terraform.io/azure/azapi\"]",
      "instances": [
        {
          "schema_version": 2,
          "attributes": {
            "body": {
              "value": {
                "properties": {
                  "addressPrefix": "10.46.10.32/27",
                  "defaultOutboundAccess": false,
                  "delegations": [
                    {
                      "name": "GitHubRunnersContainerApp",
                      "properties": {
                        "serviceName": "Microsoft.App/environments"
                      }
                    }
                  ],
                  "networkSecurityGroup": {
                    "id": "/subscriptions/ffc5e617-7f2d-4ddb-8b57-33fc43989a8c/resourceGroups/b9cee3-tools-quickstart-azure/providers/Microsoft.Network/networkSecurityGroups/ghr-aca"
                  }
                }
              },
              "type": [
                "object",
                {
                  "properties": [
                    "object",
                    {
                      "addressPrefix": "string",
                      "defaultOutboundAccess": "bool",
                      "delegations": [
                        "tuple",
                        [
                          [
                            "object",
                            {
                              "name": "string",
                              "properties": [
                                "object",
                                {
                                  "serviceName": "string"
                                }
                              ]
                            }
                          ]
                        ]
                      ],
                      "networkSecurityGroup": [
                        "object",
                        {
                          "id": "string"
                        }
                      ]
                    }
                  ]
                }
              ]
            },
            "create_headers": null,
            "create_query_parameters": null,
            "delete_headers": null,
            "delete_query_parameters": null,
            "id": "/subscriptions/ffc5e617-7f2d-4ddb-8b57-33fc43989a8c/resourceGroups/b9cee3-tools-networking/providers/Microsoft.Network/virtualNetworks/b9cee3-tools-vwan-spoke/subnets/ghr-aca",
            "identity": [],
            "ignore_casing": false,
            "ignore_missing_property": true,
            "location": null,
            "locks": [
              "/subscriptions/ffc5e617-7f2d-4ddb-8b57-33fc43989a8c/resourceGroups/b9cee3-tools-networking/providers/Microsoft.Network/virtualNetworks/b9cee3-tools-vwan-spoke"
            ],
            "name": "ghr-aca",
            "output": {
              "value": {
                "etag": "W/\"56fb6411-8a54-471b-ac91-d8d6c8574267\"",
                "id": "/subscriptions/ffc5e617-7f2d-4ddb-8b57-33fc43989a8c/resourceGroups/b9cee3-tools-networking/providers/Microsoft.Network/virtualNetworks/b9cee3-tools-vwan-spoke/subnets/ghr-aca",
                "name": "ghr-aca",
                "properties": {
                  "addressPrefix": "10.46.10.32/27",
                  "defaultOutboundAccess": false,
                  "delegations": [
                    {
                      "etag": "W/\"56fb6411-8a54-471b-ac91-d8d6c8574267\"",
                      "id": "/subscriptions/ffc5e617-7f2d-4ddb-8b57-33fc43989a8c/resourceGroups/b9cee3-tools-networking/providers/Microsoft.Network/virtualNetworks/b9cee3-tools-vwan-spoke/subnets/ghr-aca/delegations/GitHubRunnersContainerApp",
                      "name": "GitHubRunnersContainerApp",
                      "properties": {
                        "actions": [
                          "Microsoft.Network/virtualNetworks/subnets/join/action"
                        ],
                        "provisioningState": "Succeeded",
                        "serviceName": "Microsoft.App/environments"
                      },
                      "type": "Microsoft.Network/virtualNetworks/subnets/delegations"
                    }
                  ],
                  "ipConfigurations": [
                    {
                      "id": "/subscriptions/ffc5e617-7f2d-4ddb-8b57-33fc43989a8c/resourceGroups/B9CEE3-TOOLS-QUICKSTART-AZURE_CONTAINER_APP_INFRA/providers/Microsoft.Network/loadBalancers/CAPP-SVC-LB/frontendIPConfigurations/CAPP-SVC-LBFE"
                    }
                  ],
                  "networkSecurityGroup": {
                    "id": "/subscriptions/ffc5e617-7f2d-4ddb-8b57-33fc43989a8c/resourceGroups/b9cee3-tools-quickstart-azure/providers/Microsoft.Network/networkSecurityGroups/ghr-aca"
                  },
                  "privateEndpointNetworkPolicies": "Disabled",
                  "privateLinkServiceNetworkPolicies": "Enabled",
                  "provisioningState": "Succeeded",
                  "serviceAssociationLinks": [
                    {
                      "etag": "W/\"56fb6411-8a54-471b-ac91-d8d6c8574267\"",
                      "id": "/subscriptions/ffc5e617-7f2d-4ddb-8b57-33fc43989a8c/resourceGroups/b9cee3-tools-networking/providers/Microsoft.Network/virtualNetworks/b9cee3-tools-vwan-spoke/subnets/ghr-aca/serviceAssociationLinks/legionservicelink",
                      "name": "legionservicelink",
                      "properties": {
                        "allowDelete": false,
                        "enabledForArmDeployments": false,
                        "link": "/subscriptions/ffc5e617-7f2d-4ddb-8b57-33fc43989a8c/resourcegroups/b9cee3-tools-networking/virtualnetworks/b9cee3-tools-vwan-spoke/subnets/ghr-aca",
                        "linkedResourceType": "Microsoft.App/environments",
                        "locations": [],
                        "provisioningState": "Succeeded",
                        "subnetId": "49fdec82-96fe-4e7a-9f71-4532cd759a62"
                      },
                      "type": "Microsoft.Network/virtualNetworks/subnets/serviceAssociationLinks"
                    }
                  ]
                },
                "type": "Microsoft.Network/virtualNetworks/subnets"
              },
              "type": [
                "object",
                {
                  "etag": "string",
                  "id": "string",
                  "name": "string",
                  "properties": [
                    "object",
                    {
                      "addressPrefix": "string",
                      "defaultOutboundAccess": "bool",
                      "delegations": [
                        "tuple",
                        [
                          [
                            "object",
                            {
                              "etag": "string",
                              "id": "string",
                              "name": "string",
                              "properties": [
                                "object",
                                {
                                  "actions": [
                                    "tuple",
                                    [
                                      "string"
                                    ]
                                  ],
                                  "provisioningState": "string",
                                  "serviceName": "string"
                                }
                              ],
                              "type": "string"
                            }
                          ]
                        ]
                      ],
                      "ipConfigurations": [
                        "tuple",
                        [
                          [
                            "object",
                            {
                              "id": "string"
                            }
                          ]
                        ]
                      ],
                      "networkSecurityGroup": [
                        "object",
                        {
                          "id": "string"
                        }
                      ],
                      "privateEndpointNetworkPolicies": "string",
                      "privateLinkServiceNetworkPolicies": "string",
                      "provisioningState": "string",
                      "serviceAssociationLinks": [
                        "tuple",
                        [
                          [
                            "object",
                            {
                              "etag": "string",
                              "id": "string",
                              "name": "string",
                              "properties": [
                                "object",
                                {
                                  "allowDelete": "bool",
                                  "enabledForArmDeployments": "bool",
                                  "link": "string",
                                  "linkedResourceType": "string",
                                  "locations": [
                                    "tuple",
                                    []
                                  ],
                                  "provisioningState": "string",
                                  "subnetId": "string"
                                }
                              ],
                              "type": "string"
                            }
                          ]
                        ]
                      ]
                    }
                  ],
                  "type": "string"
                }
              ]
            },
            "parent_id": "/subscriptions/ffc5e617-7f2d-4ddb-8b57-33fc43989a8c/resourceGroups/b9cee3-tools-networking/providers/Microsoft.Network/virtualNetworks/b9cee3-tools-vwan-spoke",
            "read_headers": null,
            "read_query_parameters": null,
            "replace_triggers_external_values": null,
            "replace_triggers_refs": null,
            "response_export_values": {
              "value": [
                "*"
              ],
              "type": [
                "tuple",
                [
                  "string"
                ]
              ]
            },
            "retry": null,
            "schema_validation_enabled": true,
            "tags": null,
            "timeouts": null,
            "type": "Microsoft.Network/virtualNetworks/subnets@2024-05-01",
            "update_headers": null,
            "update_query_parameters": null
          },
          "sensitive_attributes": [],
          "dependencies": [
            "azurerm_network_security_group.github_runners_container_app",
            "azurerm_resource_group.rg",
            "data.azurerm_virtual_network.vnet"
          ]
        }
      ]
    },
    {
      "mode": "managed",
      "type": "azapi_resource",
      "name": "github_runners_container_instance_subnet",
      "provider": "provider[\"registry.terraform.io/azure/azapi\"]",
      "instances": [
        {
          "schema_version": 2,
          "attributes": {
            "body": {
              "value": {
                "properties": {
                  "addressPrefix": "10.46.10.16/28",
                  "defaultOutboundAccess": false,
                  "delegations": [
                    {
                      "name": "GitHubRunnersContainerInstance",
                      "properties": {
                        "serviceName": "Microsoft.ContainerInstance/containerGroups"
                      }
                    }
                  ],
                  "networkSecurityGroup": {
                    "id": "/subscriptions/ffc5e617-7f2d-4ddb-8b57-33fc43989a8c/resourceGroups/b9cee3-tools-quickstart-azure/providers/Microsoft.Network/networkSecurityGroups/ghr-aci"
                  }
                }
              },
              "type": [
                "object",
                {
                  "properties": [
                    "object",
                    {
                      "addressPrefix": "string",
                      "defaultOutboundAccess": "bool",
                      "delegations": [
                        "tuple",
                        [
                          [
                            "object",
                            {
                              "name": "string",
                              "properties": [
                                "object",
                                {
                                  "serviceName": "string"
                                }
                              ]
                            }
                          ]
                        ]
                      ],
                      "networkSecurityGroup": [
                        "object",
                        {
                          "id": "string"
                        }
                      ]
                    }
                  ]
                }
              ]
            },
            "create_headers": null,
            "create_query_parameters": null,
            "delete_headers": null,
            "delete_query_parameters": null,
            "id": "/subscriptions/ffc5e617-7f2d-4ddb-8b57-33fc43989a8c/resourceGroups/b9cee3-tools-networking/providers/Microsoft.Network/virtualNetworks/b9cee3-tools-vwan-spoke/subnets/ghr-aci",
            "identity": [],
            "ignore_casing": false,
            "ignore_missing_property": true,
            "location": null,
            "locks": [
              "/subscriptions/ffc5e617-7f2d-4ddb-8b57-33fc43989a8c/resourceGroups/b9cee3-tools-networking/providers/Microsoft.Network/virtualNetworks/b9cee3-tools-vwan-spoke"
            ],
            "name": "ghr-aci",
            "output": {
              "value": {
                "etag": "W/\"56fb6411-8a54-471b-ac91-d8d6c8574267\"",
                "id": "/subscriptions/ffc5e617-7f2d-4ddb-8b57-33fc43989a8c/resourceGroups/b9cee3-tools-networking/providers/Microsoft.Network/virtualNetworks/b9cee3-tools-vwan-spoke/subnets/ghr-aci",
                "name": "ghr-aci",
                "properties": {
                  "addressPrefix": "10.46.10.16/28",
                  "defaultOutboundAccess": false,
                  "delegations": [
                    {
                      "etag": "W/\"56fb6411-8a54-471b-ac91-d8d6c8574267\"",
                      "id": "/subscriptions/ffc5e617-7f2d-4ddb-8b57-33fc43989a8c/resourceGroups/b9cee3-tools-networking/providers/Microsoft.Network/virtualNetworks/b9cee3-tools-vwan-spoke/subnets/ghr-aci/delegations/GitHubRunnersContainerInstance",
                      "name": "GitHubRunnersContainerInstance",
                      "properties": {
                        "actions": [
                          "Microsoft.Network/virtualNetworks/subnets/action"
                        ],
                        "provisioningState": "Succeeded",
                        "serviceName": "Microsoft.ContainerInstance/containerGroups"
                      },
                      "type": "Microsoft.Network/virtualNetworks/subnets/delegations"
                    }
                  ],
                  "networkSecurityGroup": {
                    "id": "/subscriptions/ffc5e617-7f2d-4ddb-8b57-33fc43989a8c/resourceGroups/b9cee3-tools-quickstart-azure/providers/Microsoft.Network/networkSecurityGroups/ghr-aci"
                  },
                  "privateEndpointNetworkPolicies": "Disabled",
                  "privateLinkServiceNetworkPolicies": "Enabled",
                  "provisioningState": "Succeeded"
                },
                "type": "Microsoft.Network/virtualNetworks/subnets"
              },
              "type": [
                "object",
                {
                  "etag": "string",
                  "id": "string",
                  "name": "string",
                  "properties": [
                    "object",
                    {
                      "addressPrefix": "string",
                      "defaultOutboundAccess": "bool",
                      "delegations": [
                        "tuple",
                        [
                          [
                            "object",
                            {
                              "etag": "string",
                              "id": "string",
                              "name": "string",
                              "properties": [
                                "object",
                                {
                                  "actions": [
                                    "tuple",
                                    [
                                      "string"
                                    ]
                                  ],
                                  "provisioningState": "string",
                                  "serviceName": "string"
                                }
                              ],
                              "type": "string"
                            }
                          ]
                        ]
                      ],
                      "networkSecurityGroup": [
                        "object",
                        {
                          "id": "string"
                        }
                      ],
                      "privateEndpointNetworkPolicies": "string",
                      "privateLinkServiceNetworkPolicies": "string",
                      "provisioningState": "string"
                    }
                  ],
                  "type": "string"
                }
              ]
            },
            "parent_id": "/subscriptions/ffc5e617-7f2d-4ddb-8b57-33fc43989a8c/resourceGroups/b9cee3-tools-networking/providers/Microsoft.Network/virtualNetworks/b9cee3-tools-vwan-spoke",
            "read_headers": null,
            "read_query_parameters": null,
            "replace_triggers_external_values": null,
            "replace_triggers_refs": null,
            "response_export_values": {
              "value": [
                "*"
              ],
              "type": [
                "tuple",
                [
                  "string"
                ]
              ]
            },
            "retry": null,
            "schema_validation_enabled": true,
            "tags": null,
            "timeouts": null,
            "type": "Microsoft.Network/virtualNetworks/subnets@2024-05-01",
            "update_headers": null,
            "update_query_parameters": null
          },
          "sensitive_attributes": [],
          "dependencies": [
            "azurerm_network_security_group.github_runners_container_instance",
            "azurerm_resource_group.rg",
            "data.azurerm_virtual_network.vnet"
          ]
        }
      ]
    },
    {
      "mode": "managed",
      "type": "azapi_resource",
      "name": "github_runners_private_endpoint_subnet",
      "provider": "provider[\"registry.terraform.io/azure/azapi\"]",
      "instances": [
        {
          "schema_version": 2,
          "attributes": {
            "body": {
              "value": {
                "properties": {
                  "addressPrefix": "10.46.10.128/25",
                  "defaultOutboundAccess": false,
                  "networkSecurityGroup": {
                    "id": "/subscriptions/ffc5e617-7f2d-4ddb-8b57-33fc43989a8c/resourceGroups/b9cee3-tools-quickstart-azure/providers/Microsoft.Network/networkSecurityGroups/private-endpoints"
                  }
                }
              },
              "type": [
                "object",
                {
                  "properties": [
                    "object",
                    {
                      "addressPrefix": "string",
                      "defaultOutboundAccess": "bool",
                      "networkSecurityGroup": [
                        "object",
                        {
                          "id": "string"
                        }
                      ]
                    }
                  ]
                }
              ]
            },
            "create_headers": null,
            "create_query_parameters": null,
            "delete_headers": null,
            "delete_query_parameters": null,
            "id": "/subscriptions/ffc5e617-7f2d-4ddb-8b57-33fc43989a8c/resourceGroups/b9cee3-tools-networking/providers/Microsoft.Network/virtualNetworks/b9cee3-tools-vwan-spoke/subnets/private-endpoints",
            "identity": [],
            "ignore_casing": false,
            "ignore_missing_property": true,
            "location": null,
            "locks": [
              "/subscriptions/ffc5e617-7f2d-4ddb-8b57-33fc43989a8c/resourceGroups/b9cee3-tools-networking/providers/Microsoft.Network/virtualNetworks/b9cee3-tools-vwan-spoke"
            ],
            "name": "private-endpoints",
            "output": {
              "value": {
                "etag": "W/\"56fb6411-8a54-471b-ac91-d8d6c8574267\"",
                "id": "/subscriptions/ffc5e617-7f2d-4ddb-8b57-33fc43989a8c/resourceGroups/b9cee3-tools-networking/providers/Microsoft.Network/virtualNetworks/b9cee3-tools-vwan-spoke/subnets/private-endpoints",
                "name": "private-endpoints",
                "properties": {
                  "addressPrefix": "10.46.10.128/25",
                  "defaultOutboundAccess": false,
                  "delegations": [],
                  "ipConfigurations": [
                    {
                      "id": "/subscriptions/ffc5e617-7f2d-4ddb-8b57-33fc43989a8c/resourceGroups/B9CEE3-TOOLS-QUICKSTART-AZURE/providers/Microsoft.Network/networkInterfaces/PE-ACRB9CEE3TOOLS.NIC.A81E6D36-6EF1-45FF-A7F3-F97065839C4A/ipConfigurations/PRIVATEENDPOINTIPCONFIG.2D4B0E98-D1F8-4015-82D4-B39B7FFE44B3"
                    },
                    {
                      "id": "/subscriptions/ffc5e617-7f2d-4ddb-8b57-33fc43989a8c/resourceGroups/B9CEE3-TOOLS-QUICKSTART-AZURE/providers/Microsoft.Network/networkInterfaces/PE-ACRB9CEE3TOOLS.NIC.A81E6D36-6EF1-45FF-A7F3-F97065839C4A/ipConfigurations/PRIVATEENDPOINTIPCONFIG.DC0A4E54-21ED-44C4-B9AB-D776E486B509"
                    }
                  ],
                  "networkSecurityGroup": {
                    "id": "/subscriptions/ffc5e617-7f2d-4ddb-8b57-33fc43989a8c/resourceGroups/b9cee3-tools-quickstart-azure/providers/Microsoft.Network/networkSecurityGroups/private-endpoints"
                  },
                  "privateEndpointNetworkPolicies": "Disabled",
                  "privateEndpoints": [
                    {
                      "id": "/subscriptions/ffc5e617-7f2d-4ddb-8b57-33fc43989a8c/resourceGroups/B9CEE3-TOOLS-QUICKSTART-AZURE/providers/Microsoft.Network/privateEndpoints/PE-ACRB9CEE3TOOLS"
                    }
                  ],
                  "privateLinkServiceNetworkPolicies": "Enabled",
                  "provisioningState": "Succeeded",
                  "purpose": "PrivateEndpoints"
                },
                "type": "Microsoft.Network/virtualNetworks/subnets"
              },
              "type": [
                "object",
                {
                  "etag": "string",
                  "id": "string",
                  "name": "string",
                  "properties": [
                    "object",
                    {
                      "addressPrefix": "string",
                      "defaultOutboundAccess": "bool",
                      "delegations": [
                        "tuple",
                        []
                      ],
                      "ipConfigurations": [
                        "tuple",
                        [
                          [
                            "object",
                            {
                              "id": "string"
                            }
                          ],
                          [
                            "object",
                            {
                              "id": "string"
                            }
                          ]
                        ]
                      ],
                      "networkSecurityGroup": [
                        "object",
                        {
                          "id": "string"
                        }
                      ],
                      "privateEndpointNetworkPolicies": "string",
                      "privateEndpoints": [
                        "tuple",
                        [
                          [
                            "object",
                            {
                              "id": "string"
                            }
                          ]
                        ]
                      ],
                      "privateLinkServiceNetworkPolicies": "string",
                      "provisioningState": "string",
                      "purpose": "string"
                    }
                  ],
                  "type": "string"
                }
              ]
            },
            "parent_id": "/subscriptions/ffc5e617-7f2d-4ddb-8b57-33fc43989a8c/resourceGroups/b9cee3-tools-networking/providers/Microsoft.Network/virtualNetworks/b9cee3-tools-vwan-spoke",
            "read_headers": null,
            "read_query_parameters": null,
            "replace_triggers_external_values": null,
            "replace_triggers_refs": null,
            "response_export_values": {
              "value": [
                "*"
              ],
              "type": [
                "tuple",
                [
                  "string"
                ]
              ]
            },
            "retry": null,
            "schema_validation_enabled": true,
            "tags": null,
            "timeouts": null,
            "type": "Microsoft.Network/virtualNetworks/subnets@2024-05-01",
            "update_headers": null,
            "update_query_parameters": null
          },
          "sensitive_attributes": [],
          "dependencies": [
            "azurerm_network_security_group.github_runners_private_endpoint",
            "azurerm_resource_group.rg",
            "data.azurerm_virtual_network.vnet"
          ]
        }
      ]
    },
    {
      "mode": "managed",
      "type": "azurerm_network_security_group",
      "name": "github_runners_container_app",
      "provider": "provider[\"registry.terraform.io/hashicorp/azurerm\"]",
      "instances": [
        {
          "schema_version": 0,
          "attributes": {
            "id": "/subscriptions/ffc5e617-7f2d-4ddb-8b57-33fc43989a8c/resourceGroups/b9cee3-tools-quickstart-azure/providers/Microsoft.Network/networkSecurityGroups/ghr-aca",
            "location": "canadacentral",
            "name": "ghr-aca",
            "resource_group_name": "b9cee3-tools-quickstart-azure",
            "security_rule": [],
            "tags": {
              "account_coding": "1337124E3035365027100000",
              "billing_group": "b9cee3",
              "ministry_name": "FLNR"
            },
            "timeouts": null
          },
          "sensitive_attributes": [],
          "private": "eyJlMmJmYjczMC1lY2FhLTExZTYtOGY4OC0zNDM2M2JjN2M0YzAiOnsiY3JlYXRlIjoxODAwMDAwMDAwMDAwLCJkZWxldGUiOjE4MDAwMDAwMDAwMDAsInJlYWQiOjMwMDAwMDAwMDAwMCwidXBkYXRlIjoxODAwMDAwMDAwMDAwfX0=",
          "dependencies": [
            "azurerm_resource_group.rg"
          ]
        }
      ]
    },
    {
      "mode": "managed",
      "type": "azurerm_network_security_group",
      "name": "github_runners_container_instance",
      "provider": "provider[\"registry.terraform.io/hashicorp/azurerm\"]",
      "instances": [
        {
          "schema_version": 0,
          "attributes": {
            "id": "/subscriptions/ffc5e617-7f2d-4ddb-8b57-33fc43989a8c/resourceGroups/b9cee3-tools-quickstart-azure/providers/Microsoft.Network/networkSecurityGroups/ghr-aci",
            "location": "canadacentral",
            "name": "ghr-aci",
            "resource_group_name": "b9cee3-tools-quickstart-azure",
            "security_rule": [],
            "tags": {
              "account_coding": "1337124E3035365027100000",
              "billing_group": "b9cee3",
              "ministry_name": "FLNR"
            },
            "timeouts": null
          },
          "sensitive_attributes": [],
          "private": "eyJlMmJmYjczMC1lY2FhLTExZTYtOGY4OC0zNDM2M2JjN2M0YzAiOnsiY3JlYXRlIjoxODAwMDAwMDAwMDAwLCJkZWxldGUiOjE4MDAwMDAwMDAwMDAsInJlYWQiOjMwMDAwMDAwMDAwMCwidXBkYXRlIjoxODAwMDAwMDAwMDAwfX0=",
          "dependencies": [
            "azurerm_resource_group.rg"
          ]
        }
      ]
    },
    {
      "mode": "managed",
      "type": "azurerm_network_security_group",
      "name": "github_runners_private_endpoint",
      "provider": "provider[\"registry.terraform.io/hashicorp/azurerm\"]",
      "instances": [
        {
          "schema_version": 0,
          "attributes": {
            "id": "/subscriptions/ffc5e617-7f2d-4ddb-8b57-33fc43989a8c/resourceGroups/b9cee3-tools-quickstart-azure/providers/Microsoft.Network/networkSecurityGroups/private-endpoints",
            "location": "canadacentral",
            "name": "private-endpoints",
            "resource_group_name": "b9cee3-tools-quickstart-azure",
            "security_rule": [],
            "tags": {
              "account_coding": "1337124E3035365027100000",
              "billing_group": "b9cee3",
              "ministry_name": "FLNR"
            },
            "timeouts": null
          },
          "sensitive_attributes": [],
          "private": "eyJlMmJmYjczMC1lY2FhLTExZTYtOGY4OC0zNDM2M2JjN2M0YzAiOnsiY3JlYXRlIjoxODAwMDAwMDAwMDAwLCJkZWxldGUiOjE4MDAwMDAwMDAwMDAsInJlYWQiOjMwMDAwMDAwMDAwMCwidXBkYXRlIjoxODAwMDAwMDAwMDAwfX0=",
          "dependencies": [
            "azurerm_resource_group.rg"
          ]
        }
      ]
    },
    {
      "mode": "managed",
      "type": "azurerm_resource_group",
      "name": "rg",
      "provider": "provider[\"registry.terraform.io/hashicorp/azurerm\"]",
      "instances": [
        {
          "schema_version": 0,
          "attributes": {
            "id": "/subscriptions/ffc5e617-7f2d-4ddb-8b57-33fc43989a8c/resourceGroups/b9cee3-tools-quickstart-azure",
            "location": "canadacentral",
            "managed_by": "",
            "name": "b9cee3-tools-quickstart-azure",
            "tags": {
              "account_coding": "1337124E3035365027100000",
              "billing_group": "b9cee3",
              "ministry_name": "FLNR"
            },
            "timeouts": null
          },
          "sensitive_attributes": [],
          "private": "eyJlMmJmYjczMC1lY2FhLTExZTYtOGY4OC0zNDM2M2JjN2M0YzAiOnsiY3JlYXRlIjo1NDAwMDAwMDAwMDAwLCJkZWxldGUiOjU0MDAwMDAwMDAwMDAsInJlYWQiOjMwMDAwMDAwMDAwMCwidXBkYXRlIjo1NDAwMDAwMDAwMDAwfX0="
        }
      ]
    },
    {
      "mode": "managed",
      "type": "azurerm_resource_provider_registration",
      "name": "app",
      "provider": "provider[\"registry.terraform.io/hashicorp/azurerm\"]",
      "instances": [
        {
          "schema_version": 0,
          "attributes": {
            "feature": [],
            "id": "/subscriptions/ffc5e617-7f2d-4ddb-8b57-33fc43989a8c/providers/Microsoft.App",
            "name": "Microsoft.App",
            "timeouts": null
          },
          "sensitive_attributes": [],
          "private": "eyJlMmJmYjczMC1lY2FhLTExZTYtOGY4OC0zNDM2M2JjN2M0YzAiOnsiY3JlYXRlIjo3MjAwMDAwMDAwMDAwLCJkZWxldGUiOjE4MDAwMDAwMDAwMDAsInJlYWQiOjMwMDAwMDAwMDAwMCwidXBkYXRlIjo3MjAwMDAwMDAwMDAwfX0="
        }
      ]
    },
    {
      "module": "module.github_runners",
      "mode": "managed",
      "type": "azurerm_container_app_environment",
      "name": "this",
      "provider": "provider[\"registry.terraform.io/hashicorp/azurerm\"]",
      "instances": [
        {
          "index_key": 0,
          "schema_version": 0,
          "attributes": {
            "custom_domain_verification_id": "BB09584C080D49E8DD7864FD85BA27DA722B7C9968CBD6CF51DA5A8CCFC7CE95",
            "dapr_application_insights_connection_string": "",
            "default_domain": "jollytree-0a0a8693.canadacentral.azurecontainerapps.io",
            "docker_bridge_cidr": "",
            "id": "/subscriptions/ffc5e617-7f2d-4ddb-8b57-33fc43989a8c/resourceGroups/b9cee3-tools-quickstart-azure/providers/Microsoft.App/managedEnvironments/cae-b9cee3-tools",
            "infrastructure_resource_group_name": "b9cee3-tools-quickstart-azure_container_app_infra",
            "infrastructure_subnet_id": "/subscriptions/ffc5e617-7f2d-4ddb-8b57-33fc43989a8c/resourceGroups/b9cee3-tools-networking/providers/Microsoft.Network/virtualNetworks/b9cee3-tools-vwan-spoke/subnets/ghr-aca",
            "internal_load_balancer_enabled": true,
            "location": "canadacentral",
            "log_analytics_workspace_id": "/subscriptions/ffc5e617-7f2d-4ddb-8b57-33fc43989a8c/resourceGroups/b9cee3-tools-quickstart-azure/providers/Microsoft.OperationalInsights/workspaces/laws-b9cee3-tools",
            "logs_destination": "log-analytics",
            "mutual_tls_enabled": false,
            "name": "cae-b9cee3-tools",
            "platform_reserved_cidr": "",
            "platform_reserved_dns_ip_address": "",
            "resource_group_name": "b9cee3-tools-quickstart-azure",
            "static_ip_address": "10.46.10.57",
            "tags": {
              "account_coding": "1337124E3035365027100000",
              "billing_group": "b9cee3",
              "ministry_name": "FLNR"
            },
            "timeouts": null,
            "workload_profile": [
              {
                "maximum_count": 0,
                "minimum_count": 0,
                "name": "Consumption",
                "workload_profile_type": "Consumption"
              }
            ],
            "zone_redundancy_enabled": true
          },
          "sensitive_attributes": [
            [
              {
                "type": "get_attr",
                "value": "dapr_application_insights_connection_string"
              }
            ]
          ],
          "private": "eyJlMmJmYjczMC1lY2FhLTExZTYtOGY4OC0zNDM2M2JjN2M0YzAiOnsiY3JlYXRlIjoxODAwMDAwMDAwMDAwLCJkZWxldGUiOjE4MDAwMDAwMDAwMDAsInJlYWQiOjMwMDAwMDAwMDAwMCwidXBkYXRlIjoxODAwMDAwMDAwMDAwfX0=",
          "dependencies": [
            "azapi_resource.github_runners_container_app_subnet",
            "azurerm_network_security_group.github_runners_container_app",
            "azurerm_resource_group.rg",
            "azurerm_resource_provider_registration.app",
            "azurerm_resource_provider_registration.storage",
            "data.azurerm_virtual_network.vnet",
            "module.github_runners.azurerm_nat_gateway.this",
            "module.github_runners.azurerm_resource_group.this",
            "module.github_runners.module.log_analytics_workspace.azurerm_log_analytics_workspace.this",
            "module.github_runners.module.virtual_network.azapi_resource.vnet",
            "module.github_runners.module.virtual_network.azapi_update_resource.allow_drop_unencrypted_vnet",
            "module.github_runners.module.virtual_network.data.azurerm_client_config.this",
            "module.github_runners.module.virtual_network.module.subnet.azapi_resource.subnet",
            "module.github_runners.module.virtual_network.module.subnet.azapi_update_resource.allow_deletion_of_ip_prefix_from_subnet",
            "module.github_runners.module.virtual_network.module.subnet.azapi_update_resource.allow_multiple_address_prefixes_on_subnet",
            "module.github_runners.module.virtual_network.module.subnet.azapi_update_resource.enable_shared_vnet",
            "module.github_runners.module.virtual_network.module.subnet.azurerm_role_assignment.subnet"
          ]
        }
      ]
    },
    {
      "module": "module.github_runners",
      "mode": "managed",
      "type": "azurerm_management_lock",
      "name": "this",
      "provider": "provider[\"registry.terraform.io/hashicorp/azurerm\"]",
      "instances": []
    },
    {
      "module": "module.github_runners",
      "mode": "managed",
      "type": "azurerm_nat_gateway",
      "name": "this",
      "provider": "provider[\"registry.terraform.io/hashicorp/azurerm\"]",
      "instances": []
    },
    {
      "module": "module.github_runners",
      "mode": "managed",
      "type": "azurerm_nat_gateway_public_ip_association",
      "name": "this",
      "provider": "provider[\"registry.terraform.io/hashicorp/azurerm\"]",
      "instances": []
    },
    {
      "module": "module.github_runners",
      "mode": "managed",
      "type": "azurerm_private_dns_zone",
      "name": "container_registry",
      "provider": "provider[\"registry.terraform.io/hashicorp/azurerm\"]",
      "instances": []
    },
    {
      "module": "module.github_runners",
      "mode": "managed",
      "type": "azurerm_private_dns_zone_virtual_network_link",
      "name": "container_registry",
      "provider": "provider[\"registry.terraform.io/hashicorp/azurerm\"]",
      "instances": []
    },
    {
      "module": "module.github_runners",
      "mode": "managed",
      "type": "azurerm_public_ip",
      "name": "this",
      "provider": "provider[\"registry.terraform.io/hashicorp/azurerm\"]",
      "instances": []
    },
    {
      "module": "module.github_runners",
      "mode": "managed",
      "type": "azurerm_resource_group",
      "name": "this",
      "provider": "provider[\"registry.terraform.io/hashicorp/azurerm\"]",
      "instances": []
    },
    {
      "module": "module.github_runners",
      "mode": "managed",
      "type": "modtm_telemetry",
      "name": "telemetry",
      "provider": "provider[\"registry.terraform.io/azure/modtm\"]",
      "instances": [
        {
          "index_key": 0,
          "schema_version": 0,
          "attributes": {
            "endpoint": null,
            "ephemeral_number": null,
            "id": "37d47c59-df81-4675-bdb4-526cbebff7bd",
            "nonce": null,
            "tags": {
              "module_source": "registry.terraform.io/Azure/avm-ptn-cicd-agents-and-runners/azurerm",
              "module_version": "0.3.3",
              "random_id": "1f9aa969-ef5b-6d18-b6a8-cfac1965e127",
              "subscription_id": "ffc5e617-7f2d-4ddb-8b57-33fc43989a8c",
              "tenant_id": "6fdb5200-3d0d-4a8a-b036-d3685e359adc"
            }
          },
          "sensitive_attributes": [],
          "dependencies": [
            "azurerm_resource_provider_registration.app",
            "azurerm_resource_provider_registration.cosmosdb",
            "azurerm_resource_provider_registration.storage",
            "module.github_runners.data.azurerm_client_config.telemetry",
            "module.github_runners.data.modtm_module_source.telemetry",
            "module.github_runners.random_uuid.telemetry"
          ]
        }
      ]
    },
    {
      "module": "module.github_runners",
      "mode": "managed",
      "type": "random_uuid",
      "name": "telemetry",
      "provider": "provider[\"registry.terraform.io/hashicorp/random\"]",
      "instances": [
        {
          "index_key": 0,
          "schema_version": 0,
          "attributes": {
            "id": "1f9aa969-ef5b-6d18-b6a8-cfac1965e127",
            "keepers": null,
            "result": "1f9aa969-ef5b-6d18-b6a8-cfac1965e127"
          },
          "sensitive_attributes": [],
          "dependencies": [
            "azurerm_resource_provider_registration.app",
            "azurerm_resource_provider_registration.storage"
          ]
        }
      ]
    },
    {
      "module": "module.github_runners",
      "mode": "managed",
      "type": "time_sleep",
      "name": "delay_after_container_image_build",
      "provider": "provider[\"registry.terraform.io/hashicorp/time\"]",
      "instances": [
        {
          "schema_version": 0,
          "attributes": {
            "create_duration": "30s",
            "destroy_duration": null,
            "id": "2025-03-21T23:32:03Z",
            "triggers": null
          },
          "sensitive_attributes": [],
          "dependencies": [
            "azapi_resource.github_runners_private_endpoint_subnet",
            "azurerm_network_security_group.github_runners_private_endpoint",
            "azurerm_resource_group.rg",
            "azurerm_resource_provider_registration.app",
            "azurerm_resource_provider_registration.storage",
            "data.azurerm_virtual_network.vnet",
            "module.github_runners.azurerm_nat_gateway.this",
            "module.github_runners.azurerm_private_dns_zone.container_registry",
            "module.github_runners.azurerm_resource_group.this",
            "module.github_runners.module.container_registry.azurerm_container_registry_task.this",
            "module.github_runners.module.container_registry.azurerm_container_registry_task_schedule_run_now.this",
            "module.github_runners.module.container_registry.azurerm_role_assignment.container_registry_pull_for_container_instance",
            "module.github_runners.module.container_registry.azurerm_role_assignment.container_registry_push_for_task",
            "module.github_runners.module.container_registry.module.container_registry.azurerm_container_registry.this",
            "module.github_runners.module.container_registry.module.container_registry.azurerm_management_lock.this",
            "module.github_runners.module.container_registry.module.container_registry.azurerm_monitor_diagnostic_setting.this",
            "module.github_runners.module.container_registry.module.container_registry.azurerm_private_endpoint.this",
            "module.github_runners.module.container_registry.module.container_registry.azurerm_private_endpoint.this_unmanaged_dns_zone_groups",
            "module.github_runners.module.container_registry.module.container_registry.azurerm_private_endpoint_application_security_group_association.this",
            "module.github_runners.module.container_registry.module.container_registry.azurerm_role_assignment.this",
            "module.github_runners.module.container_registry.module.container_registry.data.azurerm_client_config.telemetry",
            "module.github_runners.module.container_registry.module.container_registry.data.azurerm_key_vault_key.this",
            "module.github_runners.module.container_registry.module.container_registry.data.azurerm_user_assigned_identity.this",
            "module.github_runners.module.container_registry.module.container_registry.data.modtm_module_source.telemetry",
            "module.github_runners.module.container_registry.module.container_registry.modtm_telemetry.telemetry",
            "module.github_runners.module.container_registry.module.container_registry.random_uuid.telemetry",
            "module.github_runners.module.user_assigned_managed_identity.azurerm_user_assigned_identity.this",
            "module.github_runners.module.virtual_network.azapi_resource.vnet",
            "module.github_runners.module.virtual_network.azapi_update_resource.allow_drop_unencrypted_vnet",
            "module.github_runners.module.virtual_network.data.azurerm_client_config.this",
            "module.github_runners.module.virtual_network.module.subnet.azapi_resource.subnet",
            "module.github_runners.module.virtual_network.module.subnet.azapi_update_resource.allow_deletion_of_ip_prefix_from_subnet",
            "module.github_runners.module.virtual_network.module.subnet.azapi_update_resource.allow_multiple_address_prefixes_on_subnet",
            "module.github_runners.module.virtual_network.module.subnet.azapi_update_resource.enable_shared_vnet",
            "module.github_runners.module.virtual_network.module.subnet.azurerm_role_assignment.subnet"
          ]
        }
      ]
    },
    {
      "module": "module.github_runners.module.container_registry[0]",
      "mode": "managed",
      "type": "azurerm_container_registry_task",
      "name": "this",
      "provider": "provider[\"registry.terraform.io/hashicorp/azurerm\"]",
      "instances": [
        {
          "index_key": "container_app",
          "schema_version": 0,
          "attributes": {
            "agent_pool_name": "",
            "agent_setting": [],
            "base_image_trigger": [],
            "container_registry_id": "/subscriptions/ffc5e617-7f2d-4ddb-8b57-33fc43989a8c/resourceGroups/b9cee3-tools-quickstart-azure/providers/Microsoft.ContainerRegistry/registries/acrb9cee3tools",
            "docker_step": [
              {
                "arguments": {},
                "cache_enabled": true,
                "context_access_token": "a",
                "context_path": "https://github.com/Azure/avm-container-images-cicd-agents-and-runners#bc4087f:github-runner-aca",
                "dockerfile_path": "dockerfile",
                "image_names": [
                  "github-runner:bc4087f"
                ],
                "push_enabled": true,
                "secret_arguments": {},
                "target": ""
              }
            ],
            "enabled": true,
            "encoded_step": [],
            "file_step": [],
            "id": "/subscriptions/ffc5e617-7f2d-4ddb-8b57-33fc43989a8c/resourceGroups/b9cee3-tools-quickstart-azure/providers/Microsoft.ContainerRegistry/registries/acrb9cee3tools/tasks/github-container-app-image-build-task",
            "identity": [
              {
                "identity_ids": [],
                "principal_id": "b3a2f134-521e-4195-8c18-48d4274f9748",
                "tenant_id": "6fdb5200-3d0d-4a8a-b036-d3685e359adc",
                "type": "SystemAssigned"
              }
            ],
            "is_system_task": false,
            "log_template": "",
            "name": "github-container-app-image-build-task",
            "platform": [
              {
                "architecture": "",
                "os": "Linux",
                "variant": ""
              }
            ],
            "registry_credential": [
              {
                "custom": [
                  {
                    "identity": "[system]",
                    "login_server": "acrb9cee3tools.azurecr.io",
                    "password": "",
                    "username": ""
                  }
                ],
                "source": []
              }
            ],
            "source_trigger": [],
            "tags": {
              "account_coding": "1337124E3035365027100000",
              "billing_group": "b9cee3",
              "ministry_name": "FLNR"
            },
            "timeout_in_seconds": 3600,
            "timeouts": null,
            "timer_trigger": []
          },
          "sensitive_attributes": [
            [
              {
                "type": "get_attr",
                "value": "registry_credential"
              },
              {
                "type": "index",
                "value": {
                  "value": 0,
                  "type": "number"
                }
              },
              {
                "type": "get_attr",
                "value": "custom"
              }
            ],
            [
              {
                "type": "get_attr",
                "value": "docker_step"
              },
              {
                "type": "index",
                "value": {
                  "value": 0,
                  "type": "number"
                }
              },
              {
                "type": "get_attr",
                "value": "context_access_token"
              }
            ],
            [
              {
                "type": "get_attr",
                "value": "docker_step"
              },
              {
                "type": "index",
                "value": {
                  "value": 0,
                  "type": "number"
                }
              },
              {
                "type": "get_attr",
                "value": "secret_arguments"
              }
            ]
          ],
          "private": "eyJlMmJmYjczMC1lY2FhLTExZTYtOGY4OC0zNDM2M2JjN2M0YzAiOnsiY3JlYXRlIjoxODAwMDAwMDAwMDAwLCJkZWxldGUiOjE4MDAwMDAwMDAwMDAsInJlYWQiOjMwMDAwMDAwMDAwMCwidXBkYXRlIjoxODAwMDAwMDAwMDAwfX0=",
          "dependencies": [
            "azurerm_resource_group.rg",
            "azurerm_resource_provider_registration.app",
            "azurerm_resource_provider_registration.storage",
            "module.github_runners.azurerm_resource_group.this",
            "module.github_runners.module.container_registry.module.container_registry.azurerm_container_registry.this",
            "module.github_runners.module.container_registry.module.container_registry.data.azurerm_key_vault_key.this",
            "module.github_runners.module.container_registry.module.container_registry.data.azurerm_user_assigned_identity.this"
          ]
        }
      ]
    },
    {
      "module": "module.github_runners.module.container_registry[0]",
      "mode": "managed",
      "type": "azurerm_container_registry_task_schedule_run_now",
      "name": "this",
      "provider": "provider[\"registry.terraform.io/hashicorp/azurerm\"]",
      "instances": [
        {
          "index_key": "container_app",
          "schema_version": 0,
          "attributes": {
            "container_registry_task_id": "/subscriptions/ffc5e617-7f2d-4ddb-8b57-33fc43989a8c/resourceGroups/b9cee3-tools-quickstart-azure/providers/Microsoft.ContainerRegistry/registries/acrb9cee3tools/tasks/github-container-app-image-build-task",
            "id": "/subscriptions/ffc5e617-7f2d-4ddb-8b57-33fc43989a8c/resourceGroups/b9cee3-tools-quickstart-azure/providers/Microsoft.ContainerRegistry/registries/acrb9cee3tools/tasks/github-container-app-image-build-task/schedule/schedule",
            "timeouts": null
          },
          "sensitive_attributes": [],
          "private": "eyJlMmJmYjczMC1lY2FhLTExZTYtOGY4OC0zNDM2M2JjN2M0YzAiOnsiY3JlYXRlIjoxODAwMDAwMDAwMDAwLCJkZWxldGUiOjE4MDAwMDAwMDAwMDAsInJlYWQiOjMwMDAwMDAwMDAwMH19",
          "dependencies": [
            "azurerm_resource_group.rg",
            "azurerm_resource_provider_registration.app",
            "azurerm_resource_provider_registration.storage",
            "module.github_runners.azurerm_resource_group.this",
            "module.github_runners.module.container_registry.azurerm_container_registry_task.this",
            "module.github_runners.module.container_registry.azurerm_role_assignment.container_registry_push_for_task",
            "module.github_runners.module.container_registry.module.container_registry.azurerm_container_registry.this",
            "module.github_runners.module.container_registry.module.container_registry.data.azurerm_key_vault_key.this",
            "module.github_runners.module.container_registry.module.container_registry.data.azurerm_user_assigned_identity.this"
          ]
        }
      ]
    },
    {
      "module": "module.github_runners.module.container_registry[0]",
      "mode": "managed",
      "type": "azurerm_role_assignment",
      "name": "container_registry_pull_for_container_instance",
      "provider": "provider[\"registry.terraform.io/hashicorp/azurerm\"]",
      "instances": [
        {
          "schema_version": 0,
          "attributes": {
            "condition": "",
            "condition_version": "",
            "delegated_managed_identity_resource_id": "",
            "description": "",
            "id": "/subscriptions/ffc5e617-7f2d-4ddb-8b57-33fc43989a8c/resourceGroups/b9cee3-tools-quickstart-azure/providers/Microsoft.ContainerRegistry/registries/acrb9cee3tools/providers/Microsoft.Authorization/roleAssignments/4863df29-bd8c-1365-83c5-dc272ce8141f",
            "name": "4863df29-bd8c-1365-83c5-dc272ce8141f",
            "principal_id": "444b05fe-5139-448f-ba66-bcfcc0dcb4b6",
            "principal_type": "ServicePrincipal",
            "role_definition_id": "/subscriptions/ffc5e617-7f2d-4ddb-8b57-33fc43989a8c/providers/Microsoft.Authorization/roleDefinitions/7f951dda-4ed3-4680-a7ca-43fe172d538d",
            "role_definition_name": "AcrPull",
            "scope": "/subscriptions/ffc5e617-7f2d-4ddb-8b57-33fc43989a8c/resourceGroups/b9cee3-tools-quickstart-azure/providers/Microsoft.ContainerRegistry/registries/acrb9cee3tools",
            "skip_service_principal_aad_check": null,
            "timeouts": null
          },
          "sensitive_attributes": [],
          "private": "eyJlMmJmYjczMC1lY2FhLTExZTYtOGY4OC0zNDM2M2JjN2M0YzAiOnsiY3JlYXRlIjoxODAwMDAwMDAwMDAwLCJkZWxldGUiOjE4MDAwMDAwMDAwMDAsInJlYWQiOjMwMDAwMDAwMDAwMH19",
          "dependencies": [
            "azurerm_resource_group.rg",
            "azurerm_resource_provider_registration.app",
            "azurerm_resource_provider_registration.storage",
            "module.github_runners.azurerm_resource_group.this",
            "module.github_runners.module.container_registry.module.container_registry.azurerm_container_registry.this",
            "module.github_runners.module.container_registry.module.container_registry.data.azurerm_key_vault_key.this",
            "module.github_runners.module.container_registry.module.container_registry.data.azurerm_user_assigned_identity.this",
            "module.github_runners.module.user_assigned_managed_identity.azurerm_user_assigned_identity.this"
          ]
        }
      ]
    },
    {
      "module": "module.github_runners.module.container_registry[0]",
      "mode": "managed",
      "type": "azurerm_role_assignment",
      "name": "container_registry_push_for_task",
      "provider": "provider[\"registry.terraform.io/hashicorp/azurerm\"]",
      "instances": [
        {
          "index_key": "container_app",
          "schema_version": 0,
          "attributes": {
            "condition": "",
            "condition_version": "",
            "delegated_managed_identity_resource_id": "",
            "description": "",
            "id": "/subscriptions/ffc5e617-7f2d-4ddb-8b57-33fc43989a8c/resourceGroups/b9cee3-tools-quickstart-azure/providers/Microsoft.ContainerRegistry/registries/acrb9cee3tools/providers/Microsoft.Authorization/roleAssignments/05da407d-7a35-7488-35a8-c119fba05ce8",
            "name": "05da407d-7a35-7488-35a8-c119fba05ce8",
            "principal_id": "b3a2f134-521e-4195-8c18-48d4274f9748",
            "principal_type": "ServicePrincipal",
            "role_definition_id": "/subscriptions/ffc5e617-7f2d-4ddb-8b57-33fc43989a8c/providers/Microsoft.Authorization/roleDefinitions/8311e382-0749-4cb8-b61a-304f252e45ec",
            "role_definition_name": "AcrPush",
            "scope": "/subscriptions/ffc5e617-7f2d-4ddb-8b57-33fc43989a8c/resourceGroups/b9cee3-tools-quickstart-azure/providers/Microsoft.ContainerRegistry/registries/acrb9cee3tools",
            "skip_service_principal_aad_check": null,
            "timeouts": null
          },
          "sensitive_attributes": [],
          "private": "eyJlMmJmYjczMC1lY2FhLTExZTYtOGY4OC0zNDM2M2JjN2M0YzAiOnsiY3JlYXRlIjoxODAwMDAwMDAwMDAwLCJkZWxldGUiOjE4MDAwMDAwMDAwMDAsInJlYWQiOjMwMDAwMDAwMDAwMH19",
          "dependencies": [
            "azurerm_resource_group.rg",
            "azurerm_resource_provider_registration.app",
            "azurerm_resource_provider_registration.storage",
            "module.github_runners.azurerm_resource_group.this",
            "module.github_runners.module.container_registry.azurerm_container_registry_task.this",
            "module.github_runners.module.container_registry.module.container_registry.azurerm_container_registry.this",
            "module.github_runners.module.container_registry.module.container_registry.data.azurerm_key_vault_key.this",
            "module.github_runners.module.container_registry.module.container_registry.data.azurerm_user_assigned_identity.this"
          ]
        }
      ]
    },
    {
      "module": "module.github_runners.module.container_registry[0].module.container_registry",
      "mode": "data",
      "type": "azurerm_key_vault_key",
      "name": "this",
      "provider": "provider[\"registry.terraform.io/hashicorp/azurerm\"]",
      "instances": []
    },
    {
      "module": "module.github_runners.module.container_registry[0].module.container_registry",
      "mode": "data",
      "type": "azurerm_user_assigned_identity",
      "name": "this",
      "provider": "provider[\"registry.terraform.io/hashicorp/azurerm\"]",
      "instances": []
    },
    {
      "module": "module.github_runners.module.container_registry[0].module.container_registry",
      "mode": "managed",
      "type": "azurerm_container_registry",
      "name": "this",
      "provider": "provider[\"registry.terraform.io/hashicorp/azurerm\"]",
      "instances": [
        {
          "schema_version": 2,
          "attributes": {
            "admin_enabled": false,
            "admin_password": "",
            "admin_username": "",
            "anonymous_pull_enabled": false,
            "data_endpoint_enabled": false,
            "encryption": [],
            "export_policy_enabled": true,
            "georeplications": [],
            "id": "/subscriptions/ffc5e617-7f2d-4ddb-8b57-33fc43989a8c/resourceGroups/b9cee3-tools-quickstart-azure/providers/Microsoft.ContainerRegistry/registries/acrb9cee3tools",
            "identity": [],
            "location": "canadacentral",
            "login_server": "acrb9cee3tools.azurecr.io",
            "name": "acrb9cee3tools",
            "network_rule_bypass_option": "AzureServices",
            "network_rule_set": [
              {
                "default_action": "Allow",
                "ip_rule": []
              }
            ],
            "public_network_access_enabled": false,
            "quarantine_policy_enabled": false,
            "resource_group_name": "b9cee3-tools-quickstart-azure",
            "retention_policy_in_days": 7,
            "sku": "Premium",
            "tags": {
              "account_coding": "1337124E3035365027100000",
              "billing_group": "b9cee3",
              "ministry_name": "FLNR"
            },
            "timeouts": null,
            "trust_policy_enabled": false,
            "zone_redundancy_enabled": true
          },
          "sensitive_attributes": [
            [
              {
                "type": "get_attr",
                "value": "admin_password"
              }
            ]
          ],
          "private": "eyJlMmJmYjczMC1lY2FhLTExZTYtOGY4OC0zNDM2M2JjN2M0YzAiOnsiY3JlYXRlIjoxODAwMDAwMDAwMDAwLCJkZWxldGUiOjE4MDAwMDAwMDAwMDAsInJlYWQiOjMwMDAwMDAwMDAwMCwidXBkYXRlIjoxODAwMDAwMDAwMDAwfSwic2NoZW1hX3ZlcnNpb24iOiIyIn0=",
          "dependencies": [
            "azurerm_resource_group.rg",
            "azurerm_resource_provider_registration.app",
            "azurerm_resource_provider_registration.storage",
            "module.github_runners.azurerm_resource_group.this",
            "module.github_runners.module.container_registry.module.container_registry.data.azurerm_key_vault_key.this",
            "module.github_runners.module.container_registry.module.container_registry.data.azurerm_user_assigned_identity.this"
          ]
        }
      ]
    },
    {
      "module": "module.github_runners.module.container_registry[0].module.container_registry",
      "mode": "managed",
      "type": "azurerm_management_lock",
      "name": "this",
      "provider": "provider[\"registry.terraform.io/hashicorp/azurerm\"]",
      "instances": []
    },
    {
      "module": "module.github_runners.module.container_registry[0].module.container_registry",
      "mode": "managed",
      "type": "azurerm_monitor_diagnostic_setting",
      "name": "this",
      "provider": "provider[\"registry.terraform.io/hashicorp/azurerm\"]",
      "instances": []
    },
    {
      "module": "module.github_runners.module.container_registry[0].module.container_registry",
      "mode": "managed",
      "type": "azurerm_private_endpoint",
      "name": "this",
      "provider": "provider[\"registry.terraform.io/hashicorp/azurerm\"]",
      "instances": [
        {
          "index_key": "container_registry",
          "schema_version": 0,
          "attributes": {
            "custom_dns_configs": [],
            "custom_network_interface_name": "",
            "id": "/subscriptions/ffc5e617-7f2d-4ddb-8b57-33fc43989a8c/resourceGroups/b9cee3-tools-quickstart-azure/providers/Microsoft.Network/privateEndpoints/pe-acrb9cee3tools",
            "ip_configuration": [],
            "location": "canadacentral",
            "name": "pe-acrb9cee3tools",
            "network_interface": [
              {
                "id": "/subscriptions/ffc5e617-7f2d-4ddb-8b57-33fc43989a8c/resourceGroups/b9cee3-tools-quickstart-azure/providers/Microsoft.Network/networkInterfaces/pe-acrb9cee3tools.nic.a81e6d36-6ef1-45ff-a7f3-f97065839c4a",
                "name": "pe-acrb9cee3tools.nic.a81e6d36-6ef1-45ff-a7f3-f97065839c4a"
              }
            ],
            "private_dns_zone_configs": [
              {
                "id": "/subscriptions/ffc5e617-7f2d-4ddb-8b57-33fc43989a8c/resourceGroups/b9cee3-tools-quickstart-azure/providers/Microsoft.Network/privateEndpoints/pe-acrb9cee3tools/privateDnsZoneGroups/deployedByPolicy/privateDnsZoneConfigs/containerRegistry-privateDnsZone",
                "name": "containerRegistry-privateDnsZone",
                "private_dns_zone_id": "/subscriptions/3c61ddb8-a5e7-49db-96d3-d32dd57ba7b3/resourceGroups/bcgov-managed-lz-live-dns/providers/Microsoft.Network/privateDnsZones/privatelink.azurecr.io",
                "record_sets": [
                  {
                    "fqdn": "acrb9cee3tools.canadacentral.data.privatelink.azurecr.io",
                    "ip_addresses": [
                      "10.46.10.132"
                    ],
                    "name": "acrb9cee3tools.canadacentral.data",
                    "ttl": 10,
                    "type": "A"
                  },
                  {
                    "fqdn": "acrb9cee3tools.privatelink.azurecr.io",
                    "ip_addresses": [
                      "10.46.10.133"
                    ],
                    "name": "acrb9cee3tools",
                    "ttl": 10,
                    "type": "A"
                  }
                ]
              }
            ],
            "private_dns_zone_group": [
              {
                "id": "/subscriptions/ffc5e617-7f2d-4ddb-8b57-33fc43989a8c/resourceGroups/b9cee3-tools-quickstart-azure/providers/Microsoft.Network/privateEndpoints/pe-acrb9cee3tools/privateDnsZoneGroups/deployedByPolicy",
                "name": "deployedByPolicy",
                "private_dns_zone_ids": [
                  "/subscriptions/3c61ddb8-a5e7-49db-96d3-d32dd57ba7b3/resourceGroups/bcgov-managed-lz-live-dns/providers/Microsoft.Network/privateDnsZones/privatelink.azurecr.io"
                ]
              }
            ],
            "private_service_connection": [
              {
                "is_manual_connection": false,
                "name": "pse-acrb9cee3tools",
                "private_connection_resource_alias": "",
                "private_connection_resource_id": "/subscriptions/ffc5e617-7f2d-4ddb-8b57-33fc43989a8c/resourceGroups/b9cee3-tools-quickstart-azure/providers/Microsoft.ContainerRegistry/registries/acrb9cee3tools",
                "private_ip_address": "10.46.10.132",
                "request_message": "",
                "subresource_names": [
                  "registry"
                ]
              }
            ],
            "resource_group_name": "b9cee3-tools-quickstart-azure",
            "subnet_id": "/subscriptions/ffc5e617-7f2d-4ddb-8b57-33fc43989a8c/resourceGroups/b9cee3-tools-networking/providers/Microsoft.Network/virtualNetworks/b9cee3-tools-vwan-spoke/subnets/private-endpoints",
            "tags": {
              "account_coding": "1337124E3035365027100000",
              "billing_group": "b9cee3",
              "ministry_name": "FLNR"
            },
            "timeouts": null
          },
          "sensitive_attributes": [],
          "private": "eyJlMmJmYjczMC1lY2FhLTExZTYtOGY4OC0zNDM2M2JjN2M0YzAiOnsiY3JlYXRlIjozNjAwMDAwMDAwMDAwLCJkZWxldGUiOjM2MDAwMDAwMDAwMDAsInJlYWQiOjMwMDAwMDAwMDAwMCwidXBkYXRlIjozNjAwMDAwMDAwMDAwfX0=",
          "dependencies": [
            "azapi_resource.github_runners_private_endpoint_subnet",
            "azurerm_network_security_group.github_runners_private_endpoint",
            "azurerm_resource_group.rg",
            "azurerm_resource_provider_registration.app",
            "azurerm_resource_provider_registration.cosmosdb",
            "azurerm_resource_provider_registration.storage",
            "data.azurerm_virtual_network.vnet",
            "module.github_runners.azurerm_nat_gateway.this",
            "module.github_runners.azurerm_private_dns_zone.container_registry",
            "module.github_runners.azurerm_resource_group.this",
            "module.github_runners.module.container_registry.module.container_registry.azurerm_container_registry.this",
            "module.github_runners.module.container_registry.module.container_registry.data.azurerm_key_vault_key.this",
            "module.github_runners.module.container_registry.module.container_registry.data.azurerm_user_assigned_identity.this",
            "module.github_runners.module.virtual_network.azapi_resource.vnet",
            "module.github_runners.module.virtual_network.azapi_update_resource.allow_drop_unencrypted_vnet",
            "module.github_runners.module.virtual_network.data.azurerm_client_config.this",
            "module.github_runners.module.virtual_network.module.subnet.azapi_resource.subnet",
            "module.github_runners.module.virtual_network.module.subnet.azapi_update_resource.allow_deletion_of_ip_prefix_from_subnet",
            "module.github_runners.module.virtual_network.module.subnet.azapi_update_resource.allow_multiple_address_prefixes_on_subnet",
            "module.github_runners.module.virtual_network.module.subnet.azapi_update_resource.enable_shared_vnet",
            "module.github_runners.module.virtual_network.module.subnet.azurerm_role_assignment.subnet"
          ]
        }
      ]
    },
    {
      "module": "module.github_runners.module.container_registry[0].module.container_registry",
      "mode": "managed",
      "type": "azurerm_private_endpoint",
      "name": "this_unmanaged_dns_zone_groups",
      "provider": "provider[\"registry.terraform.io/hashicorp/azurerm\"]",
      "instances": []
    },
    {
      "module": "module.github_runners.module.container_registry[0].module.container_registry",
      "mode": "managed",
      "type": "azurerm_role_assignment",
      "name": "this",
      "provider": "provider[\"registry.terraform.io/hashicorp/azurerm\"]",
      "instances": []
    },
    {
      "module": "module.github_runners.module.container_registry[0].module.container_registry",
      "mode": "managed",
      "type": "modtm_telemetry",
      "name": "telemetry",
      "provider": "provider[\"registry.terraform.io/azure/modtm\"]",
      "instances": [
        {
          "index_key": 0,
          "schema_version": 0,
          "attributes": {
            "endpoint": null,
            "ephemeral_number": null,
            "id": "0d334107-5641-4964-970e-086cfa7aad54",
            "nonce": null,
            "tags": {
              "module_source": "registry.terraform.io/Azure/avm-res-containerregistry-registry/azurerm",
              "module_version": "0.4.0",
              "random_id": "d7bcd613-88a4-7b60-29e2-ccc07e80f693",
              "subscription_id": "ffc5e617-7f2d-4ddb-8b57-33fc43989a8c",
              "tenant_id": "6fdb5200-3d0d-4a8a-b036-d3685e359adc"
            }
          },
          "sensitive_attributes": [],
          "dependencies": [
            "azurerm_resource_provider_registration.app",
            "azurerm_resource_provider_registration.cosmosdb",
            "azurerm_resource_provider_registration.storage",
            "module.github_runners.module.container_registry.module.container_registry.data.azurerm_client_config.telemetry",
            "module.github_runners.module.container_registry.module.container_registry.data.modtm_module_source.telemetry",
            "module.github_runners.module.container_registry.module.container_registry.random_uuid.telemetry"
          ]
        }
      ]
    },
    {
      "module": "module.github_runners.module.container_registry[0].module.container_registry",
      "mode": "managed",
      "type": "random_uuid",
      "name": "telemetry",
      "provider": "provider[\"registry.terraform.io/hashicorp/random\"]",
      "instances": [
        {
          "index_key": 0,
          "schema_version": 0,
          "attributes": {
            "id": "d7bcd613-88a4-7b60-29e2-ccc07e80f693",
            "keepers": null,
            "result": "d7bcd613-88a4-7b60-29e2-ccc07e80f693"
          },
          "sensitive_attributes": [],
          "dependencies": [
            "azurerm_resource_provider_registration.app",
            "azurerm_resource_provider_registration.storage"
          ]
        }
      ]
    },
    {
      "module": "module.github_runners.module.log_analytics_workspace[0]",
      "mode": "managed",
      "type": "azapi_resource",
      "name": "amplscope",
      "provider": "provider[\"registry.terraform.io/azure/azapi\"]",
      "instances": []
    },
    {
      "module": "module.github_runners.module.log_analytics_workspace[0]",
      "mode": "managed",
      "type": "azurerm_log_analytics_workspace",
      "name": "this",
      "provider": "provider[\"registry.terraform.io/hashicorp/azurerm\"]",
      "instances": [
        {
          "schema_version": 3,
          "attributes": {
            "allow_resource_only_permissions": true,
            "cmk_for_query_forced": false,
            "daily_quota_gb": -1,
            "data_collection_rule_id": "",
            "id": "/subscriptions/ffc5e617-7f2d-4ddb-8b57-33fc43989a8c/resourceGroups/b9cee3-tools-quickstart-azure/providers/Microsoft.OperationalInsights/workspaces/laws-b9cee3-tools",
            "identity": [],
            "immediate_data_purge_on_30_days_enabled": false,
            "internet_ingestion_enabled": false,
            "internet_query_enabled": false,
            "local_authentication_disabled": false,
            "location": "canadacentral",
            "name": "laws-b9cee3-tools",
            "primary_shared_key": "Boa4nNgEfTZbaZT9aqWyT5zMawQFNC/0DZu/W4t5znks+MDvblwijoy6uJu6HMrFBHeJxr+z9Vtl3Mr8utRFUA==",
            "reservation_capacity_in_gb_per_day": null,
            "resource_group_name": "b9cee3-tools-quickstart-azure",
            "retention_in_days": 30,
            "secondary_shared_key": "CZCQv6epdYaWgSVyJIecHUYXsI43JQbrUv/grLXq677OukUVRMgAzeitk49iQvssD2WVF52YpdIO47hID9UqUw==",
            "sku": "PerGB2018",
            "tags": {
              "account_coding": "1337124E3035365027100000",
              "billing_group": "b9cee3",
              "ministry_name": "FLNR"
            },
            "timeouts": null,
            "workspace_id": "326f0c09-2a82-4e69-8fff-ecdb4d1c6815"
          },
          "sensitive_attributes": [
            [
              {
                "type": "get_attr",
                "value": "primary_shared_key"
              }
            ],
            [
              {
                "type": "get_attr",
                "value": "secondary_shared_key"
              }
            ]
          ],
          "private": "eyJlMmJmYjczMC1lY2FhLTExZTYtOGY4OC0zNDM2M2JjN2M0YzAiOnsiY3JlYXRlIjoxODAwMDAwMDAwMDAwLCJkZWxldGUiOjE4MDAwMDAwMDAwMDAsInJlYWQiOjMwMDAwMDAwMDAwMCwidXBkYXRlIjoxODAwMDAwMDAwMDAwfSwic2NoZW1hX3ZlcnNpb24iOiIzIn0=",
          "dependencies": [
            "azurerm_resource_group.rg",
            "azurerm_resource_provider_registration.app",
            "azurerm_resource_provider_registration.cosmosdb",
            "azurerm_resource_provider_registration.storage",
            "module.github_runners.azurerm_resource_group.this"
          ]
        }
      ]
    },
    {
      "module": "module.github_runners.module.log_analytics_workspace[0]",
      "mode": "managed",
      "type": "azurerm_private_endpoint",
      "name": "this",
      "provider": "provider[\"registry.terraform.io/hashicorp/azurerm\"]",
      "instances": []
    },
    {
      "module": "module.github_runners.module.log_analytics_workspace[0]",
      "mode": "managed",
      "type": "azurerm_private_endpoint_application_security_group_association",
      "name": "this",
      "provider": "provider[\"registry.terraform.io/hashicorp/azurerm\"]",
      "instances": []
    },
    {
      "module": "module.github_runners.module.log_analytics_workspace[0]",
      "mode": "managed",
      "type": "modtm_telemetry",
      "name": "telemetry",
      "provider": "provider[\"registry.terraform.io/azure/modtm\"]",
      "instances": [
        {
          "index_key": 0,
          "schema_version": 0,
          "attributes": {
            "endpoint": null,
            "ephemeral_number": null,
            "id": "daad062d-f26a-4239-a2db-689bcd0662d9",
            "nonce": null,
            "tags": {
              "module_source": "registry.terraform.io/Azure/avm-res-operationalinsights-workspace/azurerm",
              "module_version": "0.4.2",
              "random_id": "b42049cb-30cb-62ae-5d20-9dceb65c6a27",
              "subscription_id": "ffc5e617-7f2d-4ddb-8b57-33fc43989a8c",
              "tenant_id": "6fdb5200-3d0d-4a8a-b036-d3685e359adc"
            }
          },
          "sensitive_attributes": [],
          "dependencies": [
            "azurerm_resource_provider_registration.app",
            "azurerm_resource_provider_registration.cosmosdb",
            "azurerm_resource_provider_registration.storage",
            "module.github_runners.module.log_analytics_workspace.data.azurerm_client_config.telemetry",
            "module.github_runners.module.log_analytics_workspace.data.modtm_module_source.telemetry",
            "module.github_runners.module.log_analytics_workspace.random_uuid.telemetry"
          ]
        }
      ]
    },
    {
      "module": "module.github_runners.module.log_analytics_workspace[0]",
      "mode": "managed",
      "type": "random_uuid",
      "name": "telemetry",
      "provider": "provider[\"registry.terraform.io/hashicorp/random\"]",
      "instances": [
        {
          "index_key": 0,
          "schema_version": 0,
          "attributes": {
            "id": "b42049cb-30cb-62ae-5d20-9dceb65c6a27",
            "keepers": null,
            "result": "b42049cb-30cb-62ae-5d20-9dceb65c6a27"
          },
          "sensitive_attributes": [],
          "dependencies": [
            "azurerm_resource_provider_registration.app",
            "azurerm_resource_provider_registration.storage"
          ]
        }
      ]
    },
    {
      "module": "module.github_runners.module.user_assigned_managed_identity[0]",
      "mode": "managed",
      "type": "azurerm_management_lock",
      "name": "this",
      "provider": "provider[\"registry.terraform.io/hashicorp/azurerm\"]",
      "instances": []
    },
    {
      "module": "module.github_runners.module.user_assigned_managed_identity[0]",
      "mode": "managed",
      "type": "azurerm_user_assigned_identity",
      "name": "this",
      "provider": "provider[\"registry.terraform.io/hashicorp/azurerm\"]",
      "instances": [
        {
          "schema_version": 1,
          "attributes": {
            "client_id": "cf25097c-79a2-4dc3-9e0c-bdc409d49496",
            "id": "/subscriptions/ffc5e617-7f2d-4ddb-8b57-33fc43989a8c/resourceGroups/b9cee3-tools-quickstart-azure/providers/Microsoft.ManagedIdentity/userAssignedIdentities/uami-b9cee3-tools",
            "location": "canadacentral",
            "name": "uami-b9cee3-tools",
            "principal_id": "444b05fe-5139-448f-ba66-bcfcc0dcb4b6",
            "resource_group_name": "b9cee3-tools-quickstart-azure",
            "tags": {
              "account_coding": "1337124E3035365027100000",
              "billing_group": "b9cee3",
              "ministry_name": "FLNR"
            },
            "tenant_id": "6fdb5200-3d0d-4a8a-b036-d3685e359adc",
            "timeouts": null
          },
          "sensitive_attributes": [],
          "private": "eyJlMmJmYjczMC1lY2FhLTExZTYtOGY4OC0zNDM2M2JjN2M0YzAiOnsiY3JlYXRlIjoxODAwMDAwMDAwMDAwLCJkZWxldGUiOjE4MDAwMDAwMDAwMDAsInJlYWQiOjMwMDAwMDAwMDAwMCwidXBkYXRlIjoxODAwMDAwMDAwMDAwfSwic2NoZW1hX3ZlcnNpb24iOiIxIn0=",
          "dependencies": [
            "azurerm_resource_group.rg",
            "azurerm_resource_provider_registration.app",
            "azurerm_resource_provider_registration.storage",
            "module.github_runners.azurerm_resource_group.this"
          ]
        }
      ]
    },
    {
      "module": "module.github_runners.module.user_assigned_managed_identity[0]",
      "mode": "managed",
      "type": "modtm_telemetry",
      "name": "telemetry",
      "provider": "provider[\"registry.terraform.io/azure/modtm\"]",
      "instances": [
        {
          "index_key": 0,
          "schema_version": 0,
          "attributes": {
            "endpoint": null,
            "ephemeral_number": null,
            "id": "71cfd82f-1003-46ee-a537-0da13a87e410",
            "nonce": null,
            "tags": {
              "module_source": "registry.terraform.io/Azure/avm-res-managedidentity-userassignedidentity/azurerm",
              "module_version": "0.3.3",
              "random_id": "68bfe0c8-4aa5-0881-9021-55c1281593f4",
              "subscription_id": "ffc5e617-7f2d-4ddb-8b57-33fc43989a8c",
              "tenant_id": "6fdb5200-3d0d-4a8a-b036-d3685e359adc"
            }
          },
          "sensitive_attributes": [],
          "dependencies": [
            "azurerm_resource_provider_registration.app",
            "azurerm_resource_provider_registration.cosmosdb",
            "azurerm_resource_provider_registration.storage",
            "module.github_runners.module.user_assigned_managed_identity.data.azurerm_client_config.telemetry",
            "module.github_runners.module.user_assigned_managed_identity.data.modtm_module_source.telemetry",
            "module.github_runners.module.user_assigned_managed_identity.random_uuid.telemetry"
          ]
        }
      ]
    },
    {
      "module": "module.github_runners.module.user_assigned_managed_identity[0]",
      "mode": "managed",
      "type": "random_uuid",
      "name": "telemetry",
      "provider": "provider[\"registry.terraform.io/hashicorp/random\"]",
      "instances": [
        {
          "index_key": 0,
          "schema_version": 0,
          "attributes": {
            "id": "68bfe0c8-4aa5-0881-9021-55c1281593f4",
            "keepers": null,
            "result": "68bfe0c8-4aa5-0881-9021-55c1281593f4"
          },
          "sensitive_attributes": [],
          "dependencies": [
            "azurerm_resource_provider_registration.app",
            "azurerm_resource_provider_registration.storage"
          ]
        }
      ]
    }
  ],
  "check_results": [
    {
      "object_kind": "var",
      "config_addr": "module.github_runners.var.compute_types",
      "status": "unknown",
      "objects": [
        {
          "object_addr": "module.github_runners.var.compute_types",
          "status": "unknown"
        }
      ]
    },
    {
      "object_kind": "var",
      "config_addr": "module.github_runners.module.virtual_network.var.lock",
      "status": "pass",
      "objects": null
    },
    {
      "object_kind": "var",
      "config_addr": "module.github_runners.module.virtual_network.module.peering.var.reverse_peer_complete_vnets",
      "status": "pass",
      "objects": null
    },
    {
      "object_kind": "var",
      "config_addr": "module.github_runners.module.virtual_network.var.diagnostic_settings",
      "status": "pass",
      "objects": null
    },
    {
      "object_kind": "var",
      "config_addr": "module.github_runners.module.virtual_network.module.peering.var.peer_complete_vnets",
      "status": "pass",
      "objects": null
    },
    {
      "object_kind": "var",
      "config_addr": "module.github_runners.module.container_app_job.var.postfix",
      "status": "unknown",
      "objects": [
        {
          "object_addr": "module.github_runners.module.container_app_job[0].var.postfix",
          "status": "unknown"
        }
      ]
    },
    {
      "object_kind": "var",
      "config_addr": "module.github_runners.module.container_registry.module.container_registry.var.diagnostic_settings",
      "status": "unknown",
      "objects": [
        {
          "object_addr": "module.github_runners.module.container_registry[0].module.container_registry.var.diagnostic_settings",
          "status": "unknown"
        }
      ]
    },
    {
      "object_kind": "var",
      "config_addr": "module.github_runners.module.virtual_network.module.subnet.var.sharing_scope",
      "status": "pass",
      "objects": null
    },
    {
      "object_kind": "var",
      "config_addr": "module.github_runners.module.log_analytics_workspace.var.diagnostic_settings",
      "status": "unknown",
      "objects": [
        {
          "object_addr": "module.github_runners.module.log_analytics_workspace[0].var.diagnostic_settings",
          "status": "unknown"
        }
      ]
    },
    {
      "object_kind": "var",
      "config_addr": "module.github_runners.module.user_assigned_managed_identity.var.name",
      "status": "unknown",
      "objects": [
        {
          "object_addr": "module.github_runners.module.user_assigned_managed_identity[0].var.name",
          "status": "unknown"
        }
      ]
    },
    {
      "object_kind": "var",
      "config_addr": "module.github_runners.var.version_control_system_type",
      "status": "unknown",
      "objects": [
        {
          "object_addr": "module.github_runners.var.version_control_system_type",
          "status": "unknown"
        }
      ]
    },
    {
      "object_kind": "var",
      "config_addr": "var.location",
      "status": "pass",
      "objects": [
        {
          "object_addr": "var.location",
          "status": "pass"
        }
      ]
    },
    {
      "object_kind": "var",
      "config_addr": "module.github_runners.var.postfix",
      "status": "unknown",
      "objects": [
        {
          "object_addr": "module.github_runners.var.postfix",
          "status": "unknown"
        }
      ]
    },
    {
      "object_kind": "var",
      "config_addr": "module.github_runners.module.virtual_network.var.encryption",
      "status": "pass",
      "objects": null
    },
    {
      "object_kind": "var",
      "config_addr": "module.github_runners.module.container_registry.module.container_registry.var.network_rule_set",
      "status": "unknown",
      "objects": [
        {
          "object_addr": "module.github_runners.module.container_registry[0].module.container_registry.var.network_rule_set",
          "status": "unknown"
        }
      ]
    },
    {
      "object_kind": "var",
      "config_addr": "var.compute_types",
      "status": "pass",
      "objects": [
        {
          "object_addr": "var.compute_types",
          "status": "pass"
        }
      ]
    },
    {
      "object_kind": "var",
      "config_addr": "module.github_runners.module.user_assigned_managed_identity.var.lock",
      "status": "unknown",
      "objects": [
        {
          "object_addr": "module.github_runners.module.user_assigned_managed_identity[0].var.lock",
          "status": "unknown"
        }
      ]
    },
    {
      "object_kind": "var",
      "config_addr": "var.postfix",
      "status": "pass",
      "objects": [
        {
          "object_addr": "var.postfix",
          "status": "pass"
        }
      ]
    },
    {
      "object_kind": "var",
      "config_addr": "module.github_runners.module.container_registry.module.container_registry.var.name",
      "status": "unknown",
      "objects": [
        {
          "object_addr": "module.github_runners.module.container_registry[0].module.container_registry.var.name",
          "status": "unknown"
        }
      ]
    },
    {
      "object_kind": "var",
      "config_addr": "module.github_runners.module.container_registry.module.container_registry.var.lock",
      "status": "unknown",
      "objects": [
        {
          "object_addr": "module.github_runners.module.container_registry[0].module.container_registry.var.lock",
          "status": "unknown"
        }
      ]
    },
    {
      "object_kind": "var",
      "config_addr": "module.github_runners.module.container_registry.module.container_registry.var.sku",
      "status": "unknown",
      "objects": [
        {
          "object_addr": "module.github_runners.module.container_registry[0].module.container_registry.var.sku",
          "status": "unknown"
        }
      ]
    },
    {
      "object_kind": "var",
      "config_addr": "module.github_runners.module.virtual_network.var.subnets",
      "status": "pass",
      "objects": null
    },
    {
      "object_kind": "var",
      "config_addr": "module.github_runners.module.virtual_network.var.extended_location",
      "status": "pass",
      "objects": null
    },
    {
      "object_kind": "var",
      "config_addr": "module.github_runners.var.lock",
      "status": "unknown",
      "objects": [
        {
          "object_addr": "module.github_runners.var.lock",
          "status": "unknown"
        }
      ]
    },
    {
      "object_kind": "var",
      "config_addr": "module.github_runners.module.virtual_network.module.subnet.var.address_prefixes",
      "status": "pass",
      "objects": null
    },
    {
      "object_kind": "var",
      "config_addr": "module.github_runners.module.virtual_network.var.address_space",
      "status": "pass",
      "objects": null
    },
    {
      "object_kind": "var",
      "config_addr": "module.github_runners.module.log_analytics_workspace.var.lock",
      "status": "unknown",
      "objects": [
        {
          "object_addr": "module.github_runners.module.log_analytics_workspace[0].var.lock",
          "status": "unknown"
        }
      ]
    },
    {
      "object_kind": "var",
      "config_addr": "module.github_runners.module.virtual_network.module.subnet.var.private_endpoint_network_policies",
      "status": "pass",
      "objects": null
    },
    {
      "object_kind": "resource",
      "config_addr": "module.github_runners.module.container_registry.module.container_registry.azurerm_container_registry.this",
      "status": "unknown",
      "objects": [
        {
          "object_addr": "module.github_runners.module.container_registry[0].module.container_registry.azurerm_container_registry.this",
          "status": "unknown"
        }
      ]
    },
    {
      "object_kind": "var",
      "config_addr": "module.github_runners.module.log_analytics_workspace.var.name",
      "status": "unknown",
      "objects": [
        {
          "object_addr": "module.github_runners.module.log_analytics_workspace[0].var.name",
          "status": "unknown"
        }
      ]
    },
    {
      "object_kind": "var",
      "config_addr": "module.github_runners.module.container_registry.module.container_registry.var.network_rule_bypass_option",
      "status": "unknown",
      "objects": [
        {
          "object_addr": "module.github_runners.module.container_registry[0].module.container_registry.var.network_rule_bypass_option",
          "status": "unknown"
        }
      ]
    }
  ]
}
